# This file is autogenerated, do not edit; changes may be undone by the next 'dep ensure'.


[[projects]]
  branch = "master"
  name = "github.com/mnmtanish/go-graphiql"
  packages = ["."]
  revision = "cef5a61bd62b996aa67029c6c858f673d6e51718"

[[projects]]
  branch = "master"
  name = "golang.org/x/tools"
  packages = ["go/ast/astutil","go/buildutil","go/loader"]
  revision = "2ae76fd1560b622911f444c1e66b70a857e1de67"

[solve-meta]
  analyzer-name = "dep"
  analyzer-version = 1
  inputs-digest = "77defea15589c842aaa6a224ad6324293ed6e16ff3a1713c938e865990dbaf62"
  solver-name = "gps-cdcl"
  solver-version = 1
